
Microsoft Visual Studio Solution File, Format Version 12.00
# Visual Studio 15
VisualStudioVersion = 15.0.27130.2036
MinimumVisualStudioVersion = 10.0.40219.1
Project("{FAE04EC0-301F-11D3-BF4B-00C04F79EFBC}") = "Lndr.MdsOnline.Web", "Lndr.MdsOnline\Lndr.MdsOnline.Web.csproj", "{ACBB536E-E771-4E1C-8A17-BAE00F4986D8}"
EndProject
Project("{FAE04EC0-301F-11D3-BF4B-00C04F79EFBC}") = "Lndr.MdsOnline.Tests", "Lndr.MdsOnline.Tests\Lndr.MdsOnline.Tests.csproj", "{23DF106E-467C-47D9-8481-823029FE6F26}"
EndProject
Project("{FAE04EC0-301F-11D3-BF4B-00C04F79EFBC}") = "Lndr.MdsOnline.DataModel", "Lndr.MdsOnline.DataModel\Lndr.MdsOnline.DataModel.csproj", "{D88B2E0E-33D2-4A91-BA31-81E99D50232B}"
EndProject
Global
	GlobalSection(SolutionConfigurationPlatforms) = preSolution
		Debug|Any CPU = Debug|Any CPU
		Release|Any CPU = Release|Any CPU
	EndGlobalSection
	GlobalSection(ProjectConfigurationPlatforms) = postSolution
		{ACBB536E-E771-4E1C-8A17-BAE00F4986D8}.Debug|Any CPU.ActiveCfg = Debug|Any CPU
		{ACBB536E-E771-4E1C-8A17-BAE00F4986D8}.Debug|Any CPU.Build.0 = Debug|Any CPU
		{ACBB536E-E771-4E1C-8A17-BAE00F4986D8}.Release|Any CPU.ActiveCfg = Release|Any CPU
		{ACBB536E-E771-4E1C-8A17-BAE00F4986D8}.Release|Any CPU.Build.0 = Release|Any CPU
		{23DF106E-467C-47D9-8481-823029FE6F26}.Debug|Any CPU.ActiveCfg = Debug|Any CPU
		{23DF106E-467C-47D9-8481-823029FE6F26}.Debug|Any CPU.Build.0 = Debug|Any CPU
		{23DF106E-467C-47D9-8481-823029FE6F26}.Release|Any CPU.ActiveCfg = Release|Any CPU
		{23DF106E-467C-47D9-8481-823029FE6F26}.Release|Any CPU.Build.0 = Release|Any CPU
		{D88B2E0E-33D2-4A91-BA31-81E99D50232B}.Debug|Any CPU.ActiveCfg = Debug|Any CPU
		{D88B2E0E-33D2-4A91-BA31-81E99D50232B}.Debug|Any CPU.Build.0 = Debug|Any CPU
		{D88B2E0E-33D2-4A91-BA31-81E99D50232B}.Release|Any CPU.ActiveCfg = Release|Any CPU
		{D88B2E0E-33D2-4A91-BA31-81E99D50232B}.Release|Any CPU.Build.0 = Release|Any CPU
	EndGlobalSection
	GlobalSection(SolutionProperties) = preSolution
		HideSolutionNode = FALSE
	EndGlobalSection
	GlobalSection(ExtensibilityGlobals) = postSolution
		SolutionGuid = {0E67D85E-DE54-452A-83AF-B54C1AF790AC}
	EndGlobalSection
EndGlobal
